version = 1
revision = 3
requires-python = "==3.12.*"
resolution-markers = [
    "sys_platform == 'win32'",
    "sys_platform == 'emscripten'",
    "sys_platform != 'emscripten' and sys_platform != 'win32'",
]

[[package]]
name = "colorama"
version = "0.4.6"
source = { registry = "https://pypi.org/simple" }
sdist = { url = "https://files.pythonhosted.org/packages/d8/53/6f443c9a4a8358a93a6792e2acffb9d9d5cb0a5cfd8802644b7b1c9a02e4/colorama-0.4.6.tar.gz", hash = "sha256:08695f5cb7ed6e0531a20572697297273c47b8cae5a63ffc6d6ed5c201be6e44", size = 27697, upload-time = "2022-10-25T02:36:22.414Z" }
wheels = [
    { url = "https://files.pythonhosted.org/packages/d1/d6/3965ed04c63042e047cb6a3e6ed1a63a35087b6a609aa3a15ed8ac56c221/colorama-0.4.6-py2.py3-none-any.whl", hash = "sha256:4f1d9991f5acc0ca119f9d443620b77f9d6b33703e51011c16baf57afb285fc6", size = 25335, upload-time = "2022-10-25T02:36:20.889Z" },
]

[[package]]
name = "formulaic"
version = "1.2.2"
source = { registry = "https://pypi.org/simple" }
dependencies = [
    { name = "interface-meta" },
    { name = "narwhals" },
    { name = "numpy" },
    { name = "pandas" },
    { name = "scipy" },
    { name = "typing-extensions" },
    { name = "wrapt" },
]
sdist = { url = "https://files.pythonhosted.org/packages/f1/87/e7b9b39d218793f159d7425e264c0ac196da07f1decc333001502fac02fb/formulaic-1.2.2.tar.gz", hash = "sha256:c99e8f11ff7d327eaecaf63855ca69b7fa0da100ad6c0041ef80912fbac667e6", size = 657522, upload-time = "2026-06-02T18:24:42.632Z" }
wheels = [
    { url = "https://files.pythonhosted.org/packages/fc/75/0576b03f7889ad25b5385b4f6c69e0543713425a6f193b056c9b0a2e65ce/formulaic-1.2.2-py3-none-any.whl", hash = "sha256:0f84ff49e3fc9dc0e68ab08a0a9427874021aa6c558e66b44dc634a35739b09b", size = 118939, upload-time = "2026-06-02T18:24:41.344Z" },
]

[[package]]
name = "hyderabad-corridor-ledger"
version = "0.2.0"
source = { virtual = "." }
dependencies = [
    { name = "numpy" },
    { name = "pandas" },
    { name = "pyarrow" },
    { name = "scipy" },
    { name = "statsmodels" },
]

[package.dev-dependencies]
dev = [
    { name = "pytest" },
    { name = "ruff" },
]

[package.metadata]
requires-dist = [
    { name = "numpy", specifier = ">=2.5.3,<3" },
    { name = "pandas", specifier = ">=3.0.5,<4" },
    { name = "pyarrow", specifier = ">=25.0.1" },
    { name = "scipy", specifier = ">=1.18.1,<2" },
    { name = "statsmodels", specifier = ">=0.15.0,<0.16" },
]

[package.metadata.requires-dev]
dev = [
    { name = "pytest", specifier = ">=9.1.1" },
    { name = "ruff", specifier = ">=0.16.7" },
]

[[package]]
name = "iniconfig"
version = "2.3.0"
source = { registry = "https://pypi.org/simple" }
sdist = { url = "https://files.pythonhosted.org/packages/72/34/14ca021ce8e5dfedc35312d08ba8bf51fdd999c576889fc2c24cb97f4f10/iniconfig-2.3.0.tar.gz", hash = "sha256:c76315c77db068650d49c5b56314774a7804df16fee4402c1f19d6d15d8c4730", size = 20503, upload-time = "2025-10-18T21:55:43.219Z" }
wheels = [
    { url = "https://files.pythonhosted.org/packages/cb/b1/3846dd7f199d53cb17f49cba7e651e9ce294d8497c8c150530ed11865bb8/iniconfig-2.3.0-py3-none-any.whl", hash = "sha256:f631c04d2c48c52b84d0d0549c99ff3859c98df65b3101406327ecc7d53fbf12", size = 7484, upload-time = "2025-10-18T21:55:41.639Z" },
]

[[package]]
name = "interface-meta"
version = "2.0.1"
source = { registry = "https://pypi.org/simple" }
sdist = { url = "https://files.pythonhosted.org/packages/28/5b/202a48a1ccdef721a95357fbe263c54ef87c18c4972df1ab5c22fe0f33d5/interface_meta-2.0.1.tar.gz", hash = "sha256:902bd9a95a12f195f15753a1080075d4eca7a2cb934fac7ac03c9e362b50796a", size = 15281, upload-time = "2026-04-30T22:35:36.882Z" }
wheels = [
    { url = "https://files.pythonhosted.org/packages/a1/d3/20a61a248feb1249cd81f83ce731f0bdf5170ed96a08a298f7081cda9e90/interface_meta-2.0.1-py3-none-any.whl", hash = "sha256:f38016bef9a4429b6d0792d809be7b65e9781820c674bf7f463999086b6e6323", size = 15330, upload-time = "2026-04-30T22:35:35.201Z" },
]

[[package]]
name = "narwhals"
version = "2.26.0"
source = { registry = "https://pypi.org/simple" }
sdist = { url = "https://files.pythonhosted.org/packages/35/68/5351e34623d253423240ea7de3f8fc74fa8ab14b1ab3c0ec4ac8997413c9/narwhals-2.26.0.tar.gz", hash = "sha256:6b9cadca82f375c7e4cf584fdc86ca25da54827307a9c58f94547ee6104b82dd", size = 686970, upload-time = "2026-09-08T13:32:08.964Z" }
wheels = [
    { url = "https://files.pythonhosted.org/packages/40/b5/1b84b2c784db76d69442334bc8b8748c840f13ca53be086f4f250ad4a0bc/narwhals-2.26.0-py3-none-any.whl", hash = "sha256:29326d74f107c347fd1009bd58e38d9f7c7c5b51e6de97bc93dbc325d9038b54", size = 474034, upload-time = "2026-09-08T13:32:07.159Z" },
]

[[package]]
name = "numpy"
version = "2.5.3"
source = { registry = "https://pypi.org/simple" }
sdist = { url = "https://files.pythonhosted.org/packages/13/01/11703282db468b85f6f7b8c7f22d058de5970d5c7e60a3a8aaa313c3de36/numpy-2.5.3.tar.gz", hash = "sha256:df2d5874ff183595a4ba404edd04f6bd9b5505c1d7708573f6a6c17489a67563", size = 20791231, upload-time = "2026-09-06T16:27:47.073Z" }
wheels = [
    { url = "https://files.pythonhosted.org/packages/d6/50/8fdbb16af64895706a45f06a4068e29db732ec180f3c1375f14123359138/numpy-2.5.3-cp312-cp312-macosx_10_13_x86_64.whl", hash = "sha256:cb189f09db39283b26bfd061ec16189e14f71c6755207f72a0f7540867afe5b9", size = 16994982, upload-time = "2026-09-06T16:24:29.244Z" },
    { url = "https://files.pythonhosted.org/packages/60/39/789131c1188c078dcb3a1692e72e1e050c68b88ffe72c9ccaac9bcd7a9cd/numpy-2.5.3-cp312-cp312-macosx_11_0_arm64.whl", hash = "sha256:f59a878c33d6b88122d80d239bb3b845d58708750b0cb06a09aebb9b18ec696c", size = 12009327, upload-time = "2026-09-06T16:24:32.491Z" },
    { url = "https://files.pythonhosted.org/packages/9c/59/a312e95696e5f601914dd8b6dd844692ba61670807417e24b68e337b5c70/numpy-2.5.3-cp312-cp312-macosx_14_0_arm64.whl", hash = "sha256:a72f874bc9e10e4b8f80426fb49716d5141f64442a0c8418065093ec8017fbb0", size = 5445405, upload-time = "2026-09-06T16:24:35.071Z" },
    { url = "https://files.pythonhosted.org/packages/30/d0/5623a1707ed4fe16e3909fe3cf5ee3da004ae677ad23d83bbf3adf1a6faf/numpy-2.5.3-cp312-cp312-macosx_14_0_x86_64.whl", hash = "sha256:fc36dc566135b5eceec4cf89758fcb719266a019ef07dae1754ae7c9f617ef3e", size = 6783213, upload-time = "2026-09-06T16:24:37.253Z" },
    { url = "https://files.pythonhosted.org/packages/f1/32/84146fc020ad3c25f805f70ab60da46fe3c540a21369754a7e4369754b6f/numpy-2.5.3-cp312-cp312-manylinux_2_27_aarch64.manylinux_2_28_aarch64.whl", hash = "sha256:76c2c1e6bfa5c84adc6434dfbf013aa92096a7985221762c8f11fedfd20fff58", size = 15687872, upload-time = "2026-09-06T16:24:39.751Z" },
    { url = "https://files.pythonhosted.org/packages/65/af/aa78d1a88805456e212b65461354cd943197fb9acecc4c90fd12295123a3/numpy-2.5.3-cp312-cp312-manylinux_2_27_x86_64.manylinux_2_28_x86_64.whl", hash = "sha256:b7e18c623bb5c95acb3b3328861272816ba199fb531921c5d6d0b675f1fde9e3", size = 16717410, upload-time = "2026-09-06T16:24:42.745Z" },
    { url = "https://files.pythonhosted.org/packages/3b/24/faa79d865e69a97ba17473b23a1b74094b2259c03e820c70297293b9ea49/numpy-2.5.3-cp312-cp312-musllinux_1_2_aarch64.whl", hash = "sha256:4f8929ee6c96bfbd7b4ed2032e0c03af86fe1826740ab61ddabf9072d06e57ff", size = 17040975, upload-time = "2026-09-06T16:24:45.961Z" },
    { url = "https://files.pythonhosted.org/packages/62/4a/8877e629445a7176297dffcaf9c485faa96a95d81728a62521ad55bd4c0f/numpy-2.5.3-cp312-cp312-musllinux_1_2_x86_64.whl", hash = "sha256:b5d93cf48f687479941d12b69c873ad2cc76bbd487f0091c2200636497f34034", size = 18476479, upload-time = "2026-09-06T16:24:49.35Z" },
    { url = "https://files.pythonhosted.org/packages/c8/db/35e1c2d38b04cbd5b731f9d71495e055e813197669d22b612f11748d2ff9/numpy-2.5.3-cp312-cp312-win32.whl", hash = "sha256:bf63afbe037eb5d2fe87fbcc7778e61da53ebaf21d938a4515aa73b62532a5d4", size = 6133378, upload-time = "2026-09-06T16:24:51.915Z" },
    { url = "https://files.pythonhosted.org/packages/3c/a1/accf6d4f0c80c5d9ba9735d6b1550e444180599f34dec69ca01360f717ad/numpy-2.5.3-cp312-cp312-win_amd64.whl", hash = "sha256:0a59a421a32580a009e8a1751345bf829631b990dc1794b80514ab722b435def", size = 12567828, upload-time = "2026-09-06T16:24:54.255Z" },
    { url = "https://files.pythonhosted.org/packages/22/43/1764aff32e4652526ae2f71fa8b3efd8d25c8a3d6926914454e47138ed1e/numpy-2.5.3-cp312-cp312-win_arm64.whl", hash = "sha256:ccb32e0525d29e8b0572eb84c9a57af0e7a4e615726927506f55063c62414034", size = 10485432, upload-time = "2026-09-06T16:24:57.278Z" },
]

[[package]]
name = "packaging"
version = "26.3"
source = { registry = "https://pypi.org/simple" }
sdist = { url = "https://files.pythonhosted.org/packages/7d/fa/3944b40b07da9ce895c0e6303a5ab7d53da063554f534556b134a54d6093/packaging-26.3.tar.gz", hash = "sha256:94edc256424af38762eb31306eed28beb9f0efc50a8837492c9d6fd6004aed79", size = 313412, upload-time = "2026-08-04T18:15:28.737Z" }
wheels = [
    { url = "https://files.pythonhosted.org/packages/63/34/ba1c580383c9eada3711951fef0795c80b829a078d72188184bcab9dd527/packaging-26.3-py3-none-any.whl", hash = "sha256:d7193f7c8e4e93f444fde0262bf90af30e16fa0ad0ad44cb553c87339b23cd1c", size = 129956, upload-time = "2026-08-04T18:15:27.159Z" },
]

[[package]]
name = "pandas"
version = "3.0.5"
source = { registry = "https://pypi.org/simple" }
dependencies = [
    { name = "numpy" },
    { name = "python-dateutil" },
    { name = "tzdata", marker = "sys_platform == 'emscripten' or sys_platform == 'win32'" },
]
sdist = { url = "https://files.pythonhosted.org/packages/be/4f/5f3422a2afec5ffc46308b79e53291365a93748b498ac2e58bead0197916/pandas-3.0.5.tar.gz", hash = "sha256:dca3734d6ab7c906e6730f0788b0a1dbb9f2467731f9711f77995c8e9d62d712", size = 4658219, upload-time = "2026-07-22T22:19:28.819Z" }
wheels = [
    { url = "https://files.pythonhosted.org/packages/1c/54/1dc810ea558d1320b597aa140a514f2fdf1d2ea09c38cf556f13ea712ec9/pandas-3.0.5-cp312-cp312-macosx_10_13_x86_64.whl", hash = "sha256:fa290c16964d4963fbfbc358928239cf3bd755b20e988ce944877def2f44471d", size = 10411717, upload-time = "2026-07-22T22:18:08.307Z" },
    { url = "https://files.pythonhosted.org/packages/68/56/fbe81c09195924d8b7b8d4461a20458fe80a6a5ed6b24f0314da684277e1/pandas-3.0.5-cp312-cp312-macosx_11_0_arm64.whl", hash = "sha256:c2e26bb46934b8a2ca0c3de1d3d606fc5f6746584791b2db264d58cf370e08dc", size = 9957095, upload-time = "2026-07-22T22:18:10.6Z" },
    { url = "https://files.pythonhosted.org/packages/e0/51/fac252f4a913ed5eabf3c11b880a9e8d5a6c10f0b2129d0462212d238b4d/pandas-3.0.5-cp312-cp312-manylinux_2_24_aarch64.manylinux_2_28_aarch64.whl", hash = "sha256:73fa87b08a7ef706f8aafda39ddaccf2a99047bea62d8c88a0361bcafb2237bc", size = 10485458, upload-time = "2026-07-22T22:18:12.834Z" },
    { url = "https://files.pythonhosted.org/packages/12/98/e976540c1addf70442be7842a18cf70884a964abbf69442504f4d2939989/pandas-3.0.5-cp312-cp312-manylinux_2_24_x86_64.manylinux_2_28_x86_64.whl", hash = "sha256:d373ce03ffd84010ed9839fa73672a9c8256990532e158440c0085db7d914b34", size = 10998091, upload-time = "2026-07-22T22:18:15.209Z" },
    { url = "https://files.pythonhosted.org/packages/a4/8c/1f29b5be8d3fc47dd7567eb167fabba2085879b31e0287ce7cba6d3d2ff4/pandas-3.0.5-cp312-cp312-musllinux_1_2_aarch64.whl", hash = "sha256:2a29c53d85ea98c5e792c59ef82ee9fbe6ca902c0d0adb6b23f45ef894cd7bf6", size = 11499501, upload-time = "2026-07-22T22:18:17.689Z" },
    { url = "https://files.pythonhosted.org/packages/9d/e2/bd9c98ad2df7b38bde002adde4cdf353519da51881634323b126c55997f9/pandas-3.0.5-cp312-cp312-musllinux_1_2_x86_64.whl", hash = "sha256:a5ad3b02ed6bc7d7ae9b70804b2c6aa31827489d150f8e623ce82491b82085d7", size = 12060559, upload-time = "2026-07-22T22:18:20.147Z" },
    { url = "https://files.pythonhosted.org/packages/f3/9a/ffbd852d58bd74a617fe2f8ee6a58a96982271ce41cf981eab22190b4a4b/pandas-3.0.5-cp312-cp312-pyemscripten_2024_0_wasm32.whl", hash = "sha256:b2acb4650527eec6822c3dadb2b771277b65e7dae7a267d4bccf65fd1bb3fbce", size = 7197652, upload-time = "2026-07-22T22:18:22.502Z" },
    { url = "https://files.pythonhosted.org/packages/70/b5/d2d3e9ae73362ba4229651b0ee1455cf78073a1ce585f6ff693782ce263e/pandas-3.0.5-cp312-cp312-win_amd64.whl", hash = "sha256:80a611068e8a3ac23f7398c6c14eb46dc974e5cc9997f653e2dcfd1da74edd41", size = 9831691, upload-time = "2026-07-22T22:18:24.534Z" },
    { url = "https://files.pythonhosted.org/packages/52/51/dea1e89d6a6796b9c43f85a09b484ee03edb8a4c4842e73e200a8c11301c/pandas-3.0.5-cp312-cp312-win_arm64.whl", hash = "sha256:25ff585b972a18ef1fe9ffa3ac6544d9950508aa76832e5147640b6022821e49", size = 9105796, upload-time = "2026-07-22T22:18:27.064Z" },
]

[[package]]
name = "patsy"
version = "1.0.3"
source = { registry = "https://pypi.org/simple" }
dependencies = [
    { name = "numpy" },
    { name = "packaging" },
]
sdist = { url = "https://files.pythonhosted.org/packages/08/e3/950e513affdfe1c1864397b4f40d6ed06ec1b54f608e462c27f151dd72df/patsy-1.0.3.tar.gz", hash = "sha256:79ebf4c93ff4d296e58a9d5be2b2ee31bd49d737cf11d70ffbd8a44b2de42e65", size = 399992, upload-time = "2026-08-29T21:35:32.258Z" }
wheels = [
    { url = "https://files.pythonhosted.org/packages/20/70/cd3cf5cff538323076a879edef02cce6f13f7d75e03d12f211b0a0dbd178/patsy-1.0.3-py2.py3-none-any.whl", hash = "sha256:d3dbebe8fd5f46e29912d030b63c6268647b59bf788a99e2af28a30234cf357c", size = 233318, upload-time = "2026-08-29T21:35:30.913Z" },
]

[[package]]
name = "pluggy"
version = "1.6.0"
source = { registry = "https://pypi.org/simple" }
sdist = { url = "https://files.pythonhosted.org/packages/f9/e2/3e91f31a7d2b083fe6ef3fa267035b518369d9511ffab804f839851d2779/pluggy-1.6.0.tar.gz", hash = "sha256:7dcc130b76258d33b90f61b658791dede3486c3e6bfb003ee5c9bfb396dd22f3", size = 69412, upload-time = "2025-05-15T12:30:07.975Z" }
wheels = [
    { url = "https://files.pythonhosted.org/packages/54/20/4d324d65cc6d9205fabedc306948156824eb9f0ee1633355a8f7ec5c66bf/pluggy-1.6.0-py3-none-any.whl", hash = "sha256:e920276dd6813095e9377c0bc5566d94c932c33b27a3e3945d8389c374dd4746", size = 20538, upload-time = "2025-05-15T12:30:06.134Z" },
]

[[package]]
name = "pyarrow"
version = "25.0.1"
source = { registry = "https://pypi.org/simple" }
sdist = { url = "https://files.pythonhosted.org/packages/3d/e3/27f57f80141379d60defe6703eb50a707325706f07fedfd1312c7a751995/pyarrow-25.0.1.tar.gz", hash = "sha256:9150a83248bfed9813ea3c3af74c3856c1984d444aa28e58bf7733b9750ddf6a", size = 1201653, upload-time = "2026-08-10T12:40:53.904Z" }
wheels = [
    { url = "https://files.pythonhosted.org/packages/a6/e2/9ab15b88cbfac28e16419ce5439ec29234c5172cb8259301b4ba639bdec0/pyarrow-25.0.1-cp312-cp312-macosx_12_0_arm64.whl", hash = "sha256:df961f2e7ae9cf496459259d798652c70625f6c080650d6952f8c04053c58ee9", size = 35861559, upload-time = "2026-08-10T12:38:02.567Z" },
    { url = "https://files.pythonhosted.org/packages/58/79/a0036dbe1eabe1f73127427342f1d99982584c4a2cde2651d6c93499c6f6/pyarrow-25.0.1-cp312-cp312-macosx_12_0_x86_64.whl", hash = "sha256:cc4aa407fde9fc660be3939e49ea31f50f3e9fec17c0ec63159f7711edd3efc9", size = 37628383, upload-time = "2026-08-10T12:38:09.083Z" },
    { url = "https://files.pythonhosted.org/packages/13/49/d93a57d375f4bf0cf82913dd6bb54acafde83dd993be2282c81ac5616cad/pyarrow-25.0.1-cp312-cp312-manylinux_2_28_aarch64.whl", hash = "sha256:4340f0ba6c1d2e13f21658de1d7c662ca2545018568d0030a1e9afca159d87e3", size = 46820190, upload-time = "2026-08-10T12:38:15.458Z" },
    { url = "https://files.pythonhosted.org/packages/60/c9/711ca85d79f1ec98f29a5eae2b051e25b4ecec5de3e3c0e2d5c5dcb15664/pyarrow-25.0.1-cp312-cp312-manylinux_2_28_x86_64.whl", hash = "sha256:5389cdf79447ed1515c9e31620e6e1e2302249564d603f2ad727d4f6d313e4c3", size = 50102437, upload-time = "2026-08-10T12:38:22.487Z" },
    { url = "https://files.pythonhosted.org/packages/80/53/8fb8359ff17cfb6263a1cf3ebf7caec9fe197de118719e84fcb1d0618026/pyarrow-25.0.1-cp312-cp312-musllinux_1_2_aarch64.whl", hash = "sha256:d51592cb7561e87877c506113e7adbf1342ab579e6c21f0ef44b8ba41cb74c80", size = 49942424, upload-time = "2026-08-10T12:38:28.755Z" },
    { url = "https://files.pythonhosted.org/packages/e8/83/4e5ae02a9341571b18a6fca380ac7a58ce6ddae7ab3c060208c0a1e79f02/pyarrow-25.0.1-cp312-cp312-musllinux_1_2_x86_64.whl", hash = "sha256:6109c94d8b9f3b17a041daca16cacb2f651ad8f1ef70a4232c2c0f37a23da2a8", size = 53144206, upload-time = "2026-08-10T12:38:34.862Z" },
    { url = "https://files.pythonhosted.org/packages/65/ee/197cbf47e49f83e6ebeb946a5259a48a638dea27ac774db42fe78022179d/pyarrow-25.0.1-cp312-cp312-win_amd64.whl", hash = "sha256:8858d7bfc22e3f51529aeaa4077225029724623e4595dc9eff8c793935c34140", size = 27953934, upload-time = "2026-08-10T12:38:39.808Z" },
]

[[package]]
name = "pygments"
version = "2.21.0"
source = { registry = "https://pypi.org/simple" }
sdist = { url = "https://files.pythonhosted.org/packages/49/2e/ced460408999b33da6b31b0021b0f37d329e202d4169aeb164493778f25b/pygments-2.21.0.tar.gz", hash = "sha256:610ca751c9bc2492b38eb9a38a7fbc93edbbb2d7182edaf34e66ae493dee5c8c", size = 5005329, upload-time = "2026-08-17T08:02:48.824Z" }
wheels = [
    { url = "https://files.pythonhosted.org/packages/71/46/17f022dd3e953bf20a04a028a21ec746d942f8d2af30fa0f124fa0e6a684/pygments-2.21.0-py3-none-any.whl", hash = "sha256:2363c69b61c4a97c838da3b130dcd6468f4848992b21a82f2a63ec34377137d9", size = 1250147, upload-time = "2026-08-17T08:02:44.912Z" },
]

[[package]]
name = "pytest"
version = "9.1.1"
source = { registry = "https://pypi.org/simple" }
dependencies = [
    { name = "colorama", marker = "sys_platform == 'win32'" },
    { name = "iniconfig" },
    { name = "packaging" },
    { name = "pluggy" },
    { name = "pygments" },
]
sdist = { url = "https://files.pythonhosted.org/packages/e4/47/b9efed96c114afcfa3c9d3fe98a76a1d14c74a9e266d397cf6eb64be5e01/pytest-9.1.1.tar.gz", hash = "sha256:1088fbde8f2b49d95a549a195707afa7a76a3ce9bcadc26b6d71f0ffda5fe313", size = 1636369, upload-time = "2026-06-19T10:58:32.857Z" }
wheels = [
    { url = "https://files.pythonhosted.org/packages/24/25/1de2678b631f5a49215c6c96fff41ba892b0a34df68d6d80292b1b48aa7f/pytest-9.1.1-py3-none-any.whl", hash = "sha256:37a86b45efb9a47a61a36449063e8e18d0cab3161329fc099eb21783169c4f0c", size = 386536, upload-time = "2026-06-19T10:58:31.347Z" },
]

[[package]]
name = "python-dateutil"
version = "2.9.0.post0"
source = { registry = "https://pypi.org/simple" }
dependencies = [
    { name = "six" },
]
sdist = { url = "https://files.pythonhosted.org/packages/66/c0/0c8b6ad9f17a802ee498c46e004a0eb49bc148f2fd230864601a86dcf6db/python-dateutil-2.9.0.post0.tar.gz", hash = "sha256:37dd54208da7e1cd875388217d5e00ebd4179249f90fb72437e91a35459a0ad3", size = 342432, upload-time = "2024-03-01T18:36:20.211Z" }
wheels = [
    { url = "https://files.pythonhosted.org/packages/ec/57/56b9bcc3c9c6a792fcbaf139543cee77261f3651ca9da0c93f5c1221264b/python_dateutil-2.9.0.post0-py2.py3-none-any.whl", hash = "sha256:a8b2bc7bffae282281c8140a97d3aa9c14da0b136dfe83f850eea9a5f7470427", size = 229892, upload-time = "2024-03-01T18:36:18.57Z" },
]

[[package]]
name = "ruff"
version = "0.16.7"
source = { registry = "https://pypi.org/simple" }
sdist = { url = "https://files.pythonhosted.org/packages/82/bb/5a449b9162e49b139d72f61672bd3ac1d790221f796d3304e2241fff4c58/ruff-0.16.7.tar.gz", hash = "sha256:5f71d004ac1263b22fa39462ac5ae618a4b77d58981af2cc79bf79a29c12b1a6", size = 4924184, upload-time = "2026-09-10T18:04:06.336Z" }
wheels = [
    { url = "https://files.pythonhosted.org/packages/e3/b2/c80aeeb7f9e469c0d63a85d2f1ab6e1ebfbe10ea7a8d2438b7e09e3ff09e/ruff-0.16.7-py3-none-linux_armv6l.whl", hash = "sha256:727307773e7c7f9181d3ed3a2484186e56c1fa1874255911c74585eb2c7c19f9", size = 10048917, upload-time = "2026-09-10T18:03:30.28Z" },
    { url = "https://files.pythonhosted.org/packages/7b/96/20bb7bcae008004df52afcb7ac83432d4a467f2c17b672fe46d26be231c5/ruff-0.16.7-py3-none-macosx_10_12_x86_64.whl", hash = "sha256:9d61c258deabf58f34c67bd4bb4d939c7f2e6b5f0e59c1cdd1cf771b11cde929", size = 10242929, upload-time = "2026-09-10T18:03:32.706Z" },
    { url = "https://files.pythonhosted.org/packages/90/b2/f184b0d5abec02db69cfd7e49b688ae0237554528ca777136c613bf36bee/ruff-0.16.7-py3-none-macosx_11_0_arm64.whl", hash = "sha256:7ab81118df8945e0193d0240712aa4496573595b75185c3636ed825592a0f728", size = 9847245, upload-time = "2026-09-10T18:03:34.509Z" },
    { url = "https://files.pythonhosted.org/packages/eb/2d/db1633a641866ed801e34cc6b60ef236c5e16f9b2124ab1d49cc24a5fe4f/ruff-0.16.7-py3-none-manylinux_2_17_aarch64.manylinux2014_aarch64.whl", hash = "sha256:4c196c968874fc8019da8e7163de7a1a370f111e2309b4b7dfea0fce950198d0", size = 9961780, upload-time = "2026-09-10T18:03:36.618Z" },
    { url = "https://files.pythonhosted.org/packages/4d/98/edea21e1a3e38dbbc3bf6bb068b863b3b06184cf8533a4c7dbbe208a89d5/ruff-0.16.7-py3-none-manylinux_2_17_armv7l.manylinux2014_armv7l.whl", hash = "sha256:ac8c3bd0a7e10ad31e6ce51e7a99f3cb772e69aecdd6b9ea7e99b362f62a62c0", size = 9866337, upload-time = "2026-09-10T18:03:38.805Z" },
    { url = "https://files.pythonhosted.org/packages/0b/11/a15e60d4c87b214646f116ca9d204475bf993ee1047459bc9a360fd4d6d1/ruff-0.16.7-py3-none-manylinux_2_17_i686.manylinux2014_i686.whl", hash = "sha256:398d3988edde000b5c75dc1b3f584708da9bc990de069c18909142580fec1af9", size = 10562512, upload-time = "2026-09-10T18:03:40.71Z" },
    { url = "https://files.pythonhosted.org/packages/29/42/eaff4c9b6d0c7cdf56df313a17e89ae854f5bbc0b0c8f9cce19be0ab7a8f/ruff-0.16.7-py3-none-manylinux_2_17_ppc64le.manylinux2014_ppc64le.whl", hash = "sha256:ce05b62b770a8217c4646a9c4139fca00efe8fe5d71f87df2b243ff20d4584d1", size = 11302938, upload-time = "2026-09-10T18:03:42.607Z" },
    { url = "https://files.pythonhosted.org/packages/5d/43/c75aa59a4ec181fe2ec06cab30e198c1c6d107229a9f008ae3a7c16cabd8/ruff-0.16.7-py3-none-manylinux_2_17_s390x.manylinux2014_s390x.whl", hash = "sha256:af1b576fddb9d9ef2ececfb5fadcd6a624b25070ed85e3cfcfe449fc3ff6a7b9", size = 10840857, upload-time = "2026-09-10T18:03:44.604Z" },
    { url = "https://files.pythonhosted.org/packages/21/33/81f3da371942ea031105ba679d8d6e28ec1660ccd690a45f42d381161356/ruff-0.16.7-py3-none-manylinux_2_17_x86_64.manylinux2014_x86_64.whl", hash = "sha256:9ce7f8f22df67c93ed96c717f9128eadb797144ac2bad475cf536f31d6100c55", size = 10370001, upload-time = "2026-09-10T18:03:46.706Z" },
    { url = "https://files.pythonhosted.org/packages/fa/0b/6345fb4dbf6dd0ed1cfe5d18391dc9c3f59cc81622a7b0a65b84b3e730ba/ruff-0.16.7-py3-none-manylinux_2_31_riscv64.whl", hash = "sha256:06d0e93d04f392996435ebd600c153f65b47d73fbec2415aa99c5ee5756b3a5f", size = 10548735, upload-time = "2026-09-10T18:03:48.658Z" },
    { url = "https://files.pythonhosted.org/packages/3f/4d/c5576adf511f92a328e5569dda190ecdd430da51f1a649f3a4a2fd73e21e/ruff-0.16.7-py3-none-musllinux_1_2_aarch64.whl", hash = "sha256:142151a5e7b93c1b11111337142f89dd2fbfee92161225c99a97222f22e32656", size = 10108496, upload-time = "2026-09-10T18:03:50.563Z" },
    { url = "https://files.pythonhosted.org/packages/ff/8c/667d83c16199a17a56adc6b0bd4c3beb5b767a2babcd16a56f76f9be7fd6/ruff-0.16.7-py3-none-musllinux_1_2_armv7l.whl", hash = "sha256:e6651f97a342d8b35d54d8991544ca22169b86dc54111cb604666940c431b750", size = 9860136, upload-time = "2026-09-10T18:03:52.621Z" },
    { url = "https://files.pythonhosted.org/packages/99/75/78d401106731999a1dd20cc5a6961e37e1eb9397a3b589f73f3a5ce146a3/ruff-0.16.7-py3-none-musllinux_1_2_i686.whl", hash = "sha256:ef140c6eb935fa9a84c9c607dfb2cb1b85843c192e79265b0c54f35f557ea8e5", size = 10286290, upload-time = "2026-09-10T18:03:55.207Z" },
    { url = "https://files.pythonhosted.org/packages/68/49/56f9c3a8b755df93a0ad318b2147bf4ef5dae9a7e5ec61c460109c67957f/ruff-0.16.7-py3-none-musllinux_1_2_x86_64.whl", hash = "sha256:53e39506a730fadeee0d998ed5946f30671f0db240c6c7c73bdabbe33604bb6f", size = 10745048, upload-time = "2026-09-10T18:03:57.299Z" },
    { url = "https://files.pythonhosted.org/packages/5f/ea/7f9b938a63ece4bec677ad7f9f7fa02df3383db1949ed93a382441c09a87/ruff-0.16.7-py3-none-win32.whl", hash = "sha256:2ea3470fcebcbc5df2fb0c6f3b90333fa9084c534e0111c038fa4a6ab9f1c4b7", size = 10059082, upload-time = "2026-09-10T18:03:59.632Z" },
    { url = "https://files.pythonhosted.org/packages/39/11/480a6973a927aa653e1cead6a6416008640e03a99d05b34c0434b8c6c366/ruff-0.16.7-py3-none-win_amd64.whl", hash = "sha256:7ac26aca826e9e21d0f1cb25b54ac660760a9fdd094d3e4df9848232be98cfc6", size = 10593368, upload-time = "2026-09-10T18:04:01.999Z" },
    { url = "https://files.pythonhosted.org/packages/8b/4b/51327018d056f0dad2c2238f26d1fb0f53707a9d91b75dea6d1b3039f136/ruff-0.16.7-py3-none-win_arm64.whl", hash = "sha256:aab7f39e2c9df6c596216070f98eef1207b94f8516cca20c808826974971855b", size = 10412401, upload-time = "2026-09-10T18:04:04.098Z" },
]

[[package]]
name = "scipy"
version = "1.18.1"
source = { registry = "https://pypi.org/simple" }
dependencies = [
    { name = "numpy" },
]
sdist = { url = "https://files.pythonhosted.org/packages/7e/74/66de6258867beb2ef08f35f9f2ac017a52cacd5081714d239ff1a442d458/scipy-1.18.1.tar.gz", hash = "sha256:52c4b7422442aba924d03ad4019852b08a92e64ea187b933135687bfe2747307", size = 30781235, upload-time = "2026-08-21T23:28:50.599Z" }
wheels = [
    { url = "https://files.pythonhosted.org/packages/18/f7/240c110c08693826b4513a52f5717d62ec7c7af72f2920821247c03b17b3/scipy-1.18.1-cp312-cp312-macosx_10_15_x86_64.whl", hash = "sha256:457fd7a2a8edeb044ab6ffbc0aa03ff6cd18491356e5e0c834d76ce621b916d1", size = 31111061, upload-time = "2026-08-21T23:23:44.522Z" },
    { url = "https://files.pythonhosted.org/packages/05/4a/78c6285577c375e7cf27277ea8ee6961224327f1e1a0c44af5f17f23635c/scipy-1.18.1-cp312-cp312-macosx_12_0_arm64.whl", hash = "sha256:e708533e8b2ae2497d65346538a7dcc92814410b25b81432eac66de0f2af8265", size = 28733332, upload-time = "2026-08-21T23:23:50.015Z" },
    { url = "https://files.pythonhosted.org/packages/a5/f6/a5b82f8abbe14d134691b8b903696f701d25a081353a29dc655c364d9e62/scipy-1.18.1-cp312-cp312-macosx_14_0_arm64.whl", hash = "sha256:7bbf207c4453ce1ad2e00b17313852b33310b83090c2311bdaf97f93c0380d12", size = 20475078, upload-time = "2026-08-21T23:23:54.138Z" },
    { url = "https://files.pythonhosted.org/packages/23/22/0858a0bbd6b3e825ceb8cd9baf9eaf3b2f2b1d77727eb6be40500bcdc92f/scipy-1.18.1-cp312-cp312-macosx_14_0_x86_64.whl", hash = "sha256:78c0665edead396b1abb4897c41a5c1d9bf090c8a637a4c20a61678e0a264e66", size = 23108904, upload-time = "2026-08-21T23:23:57.824Z" },
    { url = "https://files.pythonhosted.org/packages/75/9a/2e71719f31eaefe0e3a1706c4a1ded94e664bfd95ffca2b219a671faee01/scipy-1.18.1-cp312-cp312-manylinux_2_27_aarch64.manylinux_2_28_aarch64.whl", hash = "sha256:3c085faa2cfa879c5141df483f836f4d691045a078224a670fa570fa01612d89", size = 34025113, upload-time = "2026-08-21T23:24:02.209Z" },
    { url = "https://files.pythonhosted.org/packages/df/64/ff35eb9e54894cf471ff4716abd3c81eb0a0626869217ce3e6ba4ccf17d7/scipy-1.18.1-cp312-cp312-manylinux_2_27_x86_64.manylinux_2_28_x86_64.whl", hash = "sha256:f55fa87b6c612ecd6b058f167c53231b1d14e412efe361d3d6e38b3631c73218", size = 35344199, upload-time = "2026-08-21T23:24:07.844Z" },
    { url = "https://files.pythonhosted.org/packages/d3/af/c5538be1792f7034c12c7db6ee67cace58253c7b87b122d68253eaf5de89/scipy-1.18.1-cp312-cp312-musllinux_1_2_aarch64.whl", hash = "sha256:c35d74ce0e193ff740c2f2be2ac913ddc232fe6c1ff40b26cfecb9c670c63314", size = 35639587, upload-time = "2026-08-21T23:24:13.05Z" },
    { url = "https://files.pythonhosted.org/packages/91/4c/075e4f66471bac101141ac739e9e135549be1bae584571bd03a530c056e1/scipy-1.18.1-cp312-cp312-musllinux_1_2_x86_64.whl", hash = "sha256:d2924a03db38dc2e848bca2fe9f077dafb891480b91a00a0963a8cf86dfc31c1", size = 37480330, upload-time = "2026-08-21T23:24:19.608Z" },
    { url = "https://files.pythonhosted.org/packages/39/e7/979fd14e75008623df31ba70d6bb144700f68feadcea042021c06a05bf82/scipy-1.18.1-cp312-cp312-win_amd64.whl", hash = "sha256:5e4d44984abc0020154ea81b247adeddcc3ac5527b975ff798bd1ba0adc513c2", size = 36658278, upload-time = "2026-08-21T23:24:25.463Z" },
    { url = "https://files.pythonhosted.org/packages/c7/0b/e1525354ff9d7d5feb6d1b31af6d14072e5c91e9607b421fa1ec889660b3/scipy-1.18.1-cp312-cp312-win_arm64.whl", hash = "sha256:d65d448389b8436493abcf629cc94ad0cf32aecaf06e1acca1de53cc795f2f12", size = 24400588, upload-time = "2026-08-21T23:24:30.579Z" },
]

[[package]]
name = "six"
version = "1.17.0"
source = { registry = "https://pypi.org/simple" }
sdist = { url = "https://files.pythonhosted.org/packages/94/e7/b2c673351809dca68a0e064b6af791aa332cf192da575fd474ed7d6f16a2/six-1.17.0.tar.gz", hash = "sha256:ff70335d468e7eb6ec65b95b99d3a2836546063f63acc5171de367e834932a81", size = 34031, upload-time = "2024-12-04T17:35:28.174Z" }
wheels = [
    { url = "https://files.pythonhosted.org/packages/b7/ce/149a00dd41f10bc29e5921b496af8b574d8413afcd5e30dfa0ed46c2cc5e/six-1.17.0-py2.py3-none-any.whl", hash = "sha256:4721f391ed90541fddacab5acf947aa0d3dc7d27b2e1e8eda2be8970586c3274", size = 11050, upload-time = "2024-12-04T17:35:26.475Z" },
]

[[package]]
name = "statsmodels"
version = "0.15.0"
source = { registry = "https://pypi.org/simple" }
dependencies = [
    { name = "formulaic" },
    { name = "numpy" },
    { name = "packaging" },
    { name = "pandas" },
    { name = "patsy" },
    { name = "scipy" },
]
sdist = { url = "https://files.pythonhosted.org/packages/a8/1f/a3cbf6ed7cf6286afec694bfef561f3e51483197716717fb8476f1f0c50e/statsmodels-0.15.0.tar.gz", hash = "sha256:5d257fe58d0772bc46a557880ca78e2a8e07fec7bfd9d11074aef8e33e1aecbc", size = 15736853, upload-time = "2026-08-27T10:45:21.988Z" }
wheels = [
    { url = "https://files.pythonhosted.org/packages/1f/17/14121b56377f2881ce94c0d0a01466585468923340d94841337d324f6be6/statsmodels-0.15.0-cp312-cp312-macosx_10_13_x86_64.whl", hash = "sha256:8e8deb1e3d4ab89fec2a52815f1ec924920c4e0cdb307421a4e47cfed87c03ff", size = 11654329, upload-time = "2026-08-27T15:09:42.207Z" },
    { url = "https://files.pythonhosted.org/packages/ef/f5/6b550b5c936dd9ec5c859477698b4fcbccc826e9a4a4a52847fa51673357/statsmodels-0.15.0-cp312-cp312-macosx_11_0_arm64.whl", hash = "sha256:c6e20788141df134b83ffb43b8cccf135a876188f84124835c86f011f138adee", size = 11527231, upload-time = "2026-08-27T10:35:42.669Z" },
    { url = "https://files.pythonhosted.org/packages/f0/a5/0e7e87e0dedc68bfeecc24bea92876023db09bac1c0fe50584a7d0819fb5/statsmodels-0.15.0-cp312-cp312-manylinux_2_27_aarch64.manylinux_2_28_aarch64.whl", hash = "sha256:4f90dc4989bd82837c80059fdce132976d4e5a80100119d16e1b00537eb55867", size = 11747428, upload-time = "2026-08-27T14:32:28.987Z" },
    { url = "https://files.pythonhosted.org/packages/41/c7/aeadca282baf51d7b9c135674bac79ded91f4db79c69c188575d22234342/statsmodels-0.15.0-cp312-cp312-manylinux_2_27_x86_64.manylinux_2_28_x86_64.whl", hash = "sha256:c6f2bd48915cc9b3b95c3c7f6ac363b6f8aaa38172962ba5f7f6885f0dfe57f2", size = 12042643, upload-time = "2026-08-27T14:33:06.022Z" },
    { url = "https://files.pythonhosted.org/packages/9c/44/7d3eb3836b3c054280baca7ec91bd12858825de437c6319c1212c2531d94/statsmodels-0.15.0-cp312-cp312-musllinux_1_2_x86_64.whl", hash = "sha256:733887a09ff878a2e29504eda684488b26bd134ba3539ac58d2136a58914c65a", size = 12079497, upload-time = "2026-08-27T14:33:47.147Z" },
    { url = "https://files.pythonhosted.org/packages/03/e3/d863228849da191d37c54bdd72634fbbcfadd12e910e29e4bdca1b952bb6/statsmodels-0.15.0-cp312-cp312-win_amd64.whl", hash = "sha256:ba89eb3ccb1c9c1e400d5081157305495b09350b3a65f2d66d3424ad1d3c4209", size = 11322106, upload-time = "2026-08-27T10:35:58.135Z" },
]

[[package]]
name = "typing-extensions"
version = "4.16.0"
source = { registry = "https://pypi.org/simple" }
sdist = { url = "https://files.pythonhosted.org/packages/f6/cc/6253133b5bb138fc3306cebfbda2c520f545d36b5be2c7255cc528bb45d6/typing_extensions-4.16.0.tar.gz", hash = "sha256:dc983d19a509c94dba722ee6abd33940f7c05a89e243c47e907eb4db6f1a43e5", size = 113555, upload-time = "2026-07-02T08:40:05.92Z" }
wheels = [
    { url = "https://files.pythonhosted.org/packages/49/d3/b8441a820a491ddfc024b0b0cf0393375b75ea13866d9c66727e54c2fc80/typing_extensions-4.16.0-py3-none-any.whl", hash = "sha256:481caa481374e813c1b176ada14e97f1f67a4539ce9cfeb3f350d78d6370c2e8", size = 45571, upload-time = "2026-07-02T08:40:04.659Z" },
]

[[package]]
name = "tzdata"
version = "2026.4"
source = { registry = "https://pypi.org/simple" }
sdist = { url = "https://files.pythonhosted.org/packages/e4/31/3d74fa778a63b98b7374323befcc0be5ab3bd94afd4096a0124e7379152c/tzdata-2026.4.tar.gz", hash = "sha256:f1b8bd365d8d210c55353f4d7f8d6d8561c0ba50d704b700d195a9424bba0d79", size = 199350, upload-time = "2026-09-12T12:56:03.251Z" }
wheels = [
    { url = "https://files.pythonhosted.org/packages/f9/bc/8737e8d54cf51106118039b83f485a4783112fab49ea9d044b234978a46e/tzdata-2026.4-py2.py3-none-any.whl", hash = "sha256:c2169a8b0a7a5e9674da5a135ccdfb2b3e671b333ed9fed17b41f73c34476e81", size = 347494, upload-time = "2026-09-12T12:56:01.67Z" },
]

[[package]]
name = "wrapt"
version = "2.4.1"
source = { registry = "https://pypi.org/simple" }
sdist = { url = "https://files.pythonhosted.org/packages/42/a6/6375d56c44d590ef24acf0f8f5bf7ed768ff7a510b959306ec412611e90f/wrapt-2.4.1.tar.gz", hash = "sha256:fd6390aab9e8aa40c52eff3c180f098e8d9f5894b1fd4c4fd2c207067b33ed16", size = 164597, upload-time = "2026-09-10T23:12:16.811Z" }
wheels = [
    { url = "https://files.pythonhosted.org/packages/9f/1f/a2f3225c5ecf522684c1d051aea8ce8253f240e55be75826b787777afd6c/wrapt-2.4.1-cp312-cp312-macosx_10_13_x86_64.whl", hash = "sha256:7e86fbc2ac8a363ea04abf631fad82720e16b17a25020f32dbe9b24a2ed2b0e3", size = 98890, upload-time = "2026-09-10T23:10:07.876Z" },
    { url = "https://files.pythonhosted.org/packages/68/6c/eb45660fd4d92cce11ec923f55bb2e647a6c18d30e53734eb07a3c530e31/wrapt-2.4.1-cp312-cp312-macosx_11_0_arm64.whl", hash = "sha256:24389748f0b9d5b67e478fad4fc8b3f1108422ef80716e48eead6cebcebbff08", size = 98742, upload-time = "2026-09-10T23:10:09.236Z" },
    { url = "https://files.pythonhosted.org/packages/a3/4f/17a89a580cb0082e61b8375074d5c9e5d38e4aa83ee19b6174ee472d17c2/wrapt-2.4.1-cp312-cp312-manylinux1_x86_64.manylinux_2_28_x86_64.manylinux_2_5_x86_64.whl", hash = "sha256:30d11c289b013bf384ff1a1a6553f150d0b855901708a9bef667a5680f8247c9", size = 236301, upload-time = "2026-09-10T23:10:11.039Z" },
    { url = "https://files.pythonhosted.org/packages/01/ca/4700eb008a34bf02de328806ddde15fc84c8d1e65d3dcafb92a935a50319/wrapt-2.4.1-cp312-cp312-manylinux2014_aarch64.manylinux_2_17_aarch64.manylinux_2_28_aarch64.whl", hash = "sha256:9356dbb59199a0e4709de35fa4a1ac1a88ef6da99711a397f5b009233faff326", size = 237805, upload-time = "2026-09-10T23:10:12.594Z" },
    { url = "https://files.pythonhosted.org/packages/75/5d/26c1740299b29e190d5f4b4a99eb001401042a9d9ab338e3f8e1ce140ecb/wrapt-2.4.1-cp312-cp312-manylinux_2_31_riscv64.manylinux_2_39_riscv64.whl", hash = "sha256:8342f332dada211f64b74609e332d727b13315e9a83177f7918bf68c59f815f2", size = 217037, upload-time = "2026-09-10T23:10:14.028Z" },
    { url = "https://files.pythonhosted.org/packages/3a/55/ec72991153a2ae8b40238bc44cec7c3ddf7706ef6e2d314b0c6f5c7febce/wrapt-2.4.1-cp312-cp312-musllinux_1_2_aarch64.whl", hash = "sha256:2f86e328c482bc5383b4eda5094be0bed3617fc3076aa9225ff1a9eb6372de9b", size = 234659, upload-time = "2026-09-10T23:10:15.384Z" },
    { url = "https://files.pythonhosted.org/packages/51/32/7cfa1e070dcda76ea56a3e252341cba1cd1e9412baf23cd7adfebf1114e2/wrapt-2.4.1-cp312-cp312-musllinux_1_2_riscv64.whl", hash = "sha256:4dc92697444ee380544fbb43c86612d8486529aadf917c22b5524141d4af074c", size = 214590, upload-time = "2026-09-10T23:10:16.744Z" },
    { url = "https://files.pythonhosted.org/packages/79/10/248841cb30107f6f32c53a02662e1c3e0c7c06bea0b8ebfaaee94885dcee/wrapt-2.4.1-cp312-cp312-musllinux_1_2_x86_64.whl", hash = "sha256:edd03758a7578526642508b8833d43496fdfba0f64e0025dfca153a7c1777735", size = 225103, upload-time = "2026-09-10T23:10:18.346Z" },
    { url = "https://files.pythonhosted.org/packages/90/02/5b2bf7b35b008a39939a2908e85dba3b867596e535fc9f12ddf3ba1fcaf6/wrapt-2.4.1-cp312-cp312-win32.whl", hash = "sha256:5d83e412665aeb1e854eefbf1564d0d67872d9994b502a0bce96e6ff7f4970b7", size = 93441, upload-time = "2026-09-10T23:10:19.81Z" },
    { url = "https://files.pythonhosted.org/packages/d4/2a/47be56772bfb07ef242d6e924049688e38384af2b2fc99b0f31180988448/wrapt-2.4.1-cp312-cp312-win_amd64.whl", hash = "sha256:b4e7efdd476ac631a0181551fd9aace844765ea3ce2b5133b194fae4421e8ad0", size = 98808, upload-time = "2026-09-10T23:10:21.084Z" },
    { url = "https://files.pythonhosted.org/packages/d7/ec/40e4c9735626afd1dc0eeb310310278361f192800503cda0f5b3d8d24db4/wrapt-2.4.1-cp312-cp312-win_arm64.whl", hash = "sha256:38819761401baa2d11916d7265b82f23265f8fe5a31c431dd7c24a8863c65f88", size = 95240, upload-time = "2026-09-10T23:10:22.39Z" },
    { url = "https://files.pythonhosted.org/packages/4f/a2/edcfc8d9a30375791b775715f8501364588f65b494ec4f6930568a19e765/wrapt-2.4.1-py3-none-any.whl", hash = "sha256:1e84ec5d89a0a07a0ef6bcd343f5c8ecdc95601d71de3058cdc63274e86c193c", size = 75317, upload-time = "2026-09-10T23:12:14.82Z" },
]
